// !$*UTF8*$!
{
	archiveVersion = 1;
	classes = {
	};
	objectVersion = 55;
	objects = {

/* Begin PBXBuildFile section */
		11ADD8DA2925F6A7003FEBA3 /* AppDelegate.swift in Sources */ = {isa = PBXBuildFile; fileRef = 11ADD8D92925F6A7003FEBA3 /* AppDelegate.swift */; };
		11ADD8DC2925F6A7003FEBA3 /* SceneDelegate.swift in Sources */ = {isa = PBXBuildFile; fileRef = 11ADD8DB2925F6A7003FEBA3 /* SceneDelegate.swift */; };
		11ADD8DE2925F6A7003FEBA3 /* ViewController.swift in Sources */ = {isa = PBXBuildFile; fileRef = 11ADD8DD2925F6A7003FEBA3 /* ViewController.swift */; };
		11ADD8E12925F6A7003FEBA3 /* Main.storyboard in Resources */ = {isa = PBXBuildFile; fileRef = 11ADD8DF2925F6A7003FEBA3 /* Main.storyboard */; };
		11ADD8E42925F6A7003FEBA3 /* Flixpedia.xcdatamodeld in Sources */ = {isa = PBXBuildFile; fileRef = 11ADD8E22925F6A7003FEBA3 /* Flixpedia.xcdatamodeld */; };
		11ADD8E62925F6AA003FEBA3 /* Assets.xcassets in Resources */ = {isa = PBXBuildFile; fileRef = 11ADD8E52925F6AA003FEBA3 /* Assets.xcassets */; };
		11ADD8E92925F6AA003FEBA3 /* LaunchScreen.storyboard in Resources */ = {isa = PBXBuildFile; fileRef = 11ADD8E72925F6AA003FEBA3 /* LaunchScreen.storyboard */; };
		11ADD8F42925F6AB003FEBA3 /* FlixpediaTests.swift in Sources */ = {isa = PBXBuildFile; fileRef = 11ADD8F32925F6AB003FEBA3 /* FlixpediaTests.swift */; };
		11ADD8FE2925F6AB003FEBA3 /* FlixpediaUITests.swift in Sources */ = {isa = PBXBuildFile; fileRef = 11ADD8FD2925F6AB003FEBA3 /* FlixpediaUITests.swift */; };
		11ADD9002925F6AB003FEBA3 /* FlixpediaUITestsLaunchTests.swift in Sources */ = {isa = PBXBuildFile; fileRef = 11ADD8FF2925F6AB003FEBA3 /* FlixpediaUITestsLaunchTests.swift */; };
		11ADD90F29260562003FEBA3 /* AppConstants.swift in Sources */ = {isa = PBXBuildFile; fileRef = 11ADD90E29260562003FEBA3 /* AppConstants.swift */; };
		11B9F98129263FC700C65F6E /* MovieListResponse.swift in Sources */ = {isa = PBXBuildFile; fileRef = 11B9F98029263FC700C65F6E /* MovieListResponse.swift */; };
		11B9F984292643F200C65F6E /* MovieTableViewCell.swift in Sources */ = {isa = PBXBuildFile; fileRef = 11B9F982292643F200C65F6E /* MovieTableViewCell.swift */; };
		11B9F985292643F200C65F6E /* MovieTableViewCell.xib in Resources */ = {isa = PBXBuildFile; fileRef = 11B9F983292643F200C65F6E /* MovieTableViewCell.xib */; };
		2B1416C536962B43B742EE43 /* Pods_Flixpedia.framework in Frameworks */ = {isa = PBXBuildFile; fileRef = FD54F0F30958F2ABD949B43B /* Pods_Flixpedia.framework */; };
		E2FF7DB888C59C50D7DD1FF3 /* Pods_Flixpedia_FlixpediaUITests.framework in Frameworks */ = {isa = PBXBuildFile; fileRef = 331D81848C6972FD01BBC1B4 /* Pods_Flixpedia_FlixpediaUITests.framework */; };
		E9779D77A9B9DC03818AA3CA /* Pods_FlixpediaTests.framework in Frameworks */ = {isa = PBXBuildFile; fileRef = 69F96F03191F903E4964B3E9 /* Pods_FlixpediaTests.framework */; };
/* End PBXBuildFile section */

/* Begin PBXContainerItemProxy section */
		11ADD8F02925F6AB003FEBA3 /* PBXContainerItemProxy */ = {
			isa = PBXContainerItemProxy;
			containerPortal = 11ADD8CE2925F6A7003FEBA3 /* Project object */;
			proxyType = 1;
			remoteGlobalIDString = 11ADD8D52925F6A7003FEBA3;
			remoteInfo = Flixpedia;
		};
		11ADD8FA2925F6AB003FEBA3 /* PBXContainerItemProxy */ = {
			isa = PBXContainerItemProxy;
			containerPortal = 11ADD8CE2925F6A7003FEBA3 /* Project object */;
			proxyType = 1;
			remoteGlobalIDString = 11ADD8D52925F6A7003FEBA3;
			remoteInfo = Flixpedia;
		};
/* End PBXContainerItemProxy section */

/* Begin PBXFileReference section */
		11ADD8D62925F6A7003FEBA3 /* Flixpedia.app */ = {isa = PBXFileReference; explicitFileType = wrapper.application; includeInIndex = 0; path = Flixpedia.app; sourceTree = BUILT_PRODUCTS_DIR; };
		11ADD8D92925F6A7003FEBA3 /* AppDelegate.swift */ = {isa = PBXFileReference; lastKnownFileType = sourcecode.swift; path = AppDelegate.swift; sourceTree = "<group>"; };
		11ADD8DB2925F6A7003FEBA3 /* SceneDelegate.swift */ = {isa = PBXFileReference; lastKnownFileType = sourcecode.swift; path = SceneDelegate.swift; sourceTree = "<group>"; };
		11ADD8DD2925F6A7003FEBA3 /* ViewController.swift */ = {isa = PBXFileReference; lastKnownFileType = sourcecode.swift; path = ViewController.swift; sourceTree = "<group>"; };
		11ADD8E02925F6A7003FEBA3 /* Base */ = {isa = PBXFileReference; lastKnownFileType = file.storyboard; name = Base; path = Base.lproj/Main.storyboard; sourceTree = "<group>"; };
		11ADD8E32925F6A7003FEBA3 /* Flixpedia.xcdatamodel */ = {isa = PBXFileReference; lastKnownFileType = wrapper.xcdatamodel; path = Flixpedia.xcdatamodel; sourceTree = "<group>"; };
		11ADD8E52925F6AA003FEBA3 /* Assets.xcassets */ = {isa = PBXFileReference; lastKnownFileType = folder.assetcatalog; path = Assets.xcassets; sourceTree = "<group>"; };
		11ADD8E82925F6AA003FEBA3 /* Base */ = {isa = PBXFileReference; lastKnownFileType = file.storyboard; name = Base; path = Base.lproj/LaunchScreen.storyboard; sourceTree = "<group>"; };
		11ADD8EA2925F6AA003FEBA3 /* Info.plist */ = {isa = PBXFileReference; lastKnownFileType = text.plist.xml; path = Info.plist; sourceTree = "<group>"; };
		11ADD8EF2925F6AB003FEBA3 /* FlixpediaTests.xctest */ = {isa = PBXFileReference; explicitFileType = wrapper.cfbundle; includeInIndex = 0; path = FlixpediaTests.xctest; sourceTree = BUILT_PRODUCTS_DIR; };
		11ADD8F32925F6AB003FEBA3 /* FlixpediaTests.swift */ = {isa = PBXFileReference; lastKnownFileType = sourcecode.swift; path = FlixpediaTests.swift; sourceTree = "<group>"; };
		11ADD8F92925F6AB003FEBA3 /* FlixpediaUITests.xctest */ = {isa = PBXFileReference; explicitFileType = wrapper.cfbundle; includeInIndex = 0; path = FlixpediaUITests.xctest; sourceTree = BUILT_PRODUCTS_DIR; };
		11ADD8FD2925F6AB003FEBA3 /* FlixpediaUITests.swift */ = {isa = PBXFileReference; lastKnownFileType = sourcecode.swift; path = FlixpediaUITests.swift; sourceTree = "<group>"; };
		11ADD8FF2925F6AB003FEBA3 /* FlixpediaUITestsLaunchTests.swift */ = {isa = PBXFileReference; lastKnownFileType = sourcecode.swift; path = FlixpediaUITestsLaunchTests.swift; sourceTree = "<group>"; };
		11ADD90D2925F7B5003FEBA3 /* Flixpedia.xcconfig */ = {isa = PBXFileReference; lastKnownFileType = text.xcconfig; path = Flixpedia.xcconfig; sourceTree = "<group>"; };
		11ADD90E29260562003FEBA3 /* AppConstants.swift */ = {isa = PBXFileReference; lastKnownFileType = sourcecode.swift; path = AppConstants.swift; sourceTree = "<group>"; };
		11B9F98029263FC700C65F6E /* MovieListResponse.swift */ = {isa = PBXFileReference; lastKnownFileType = sourcecode.swift; path = MovieListResponse.swift; sourceTree = "<group>"; };
		11B9F982292643F200C65F6E /* MovieTableViewCell.swift */ = {isa = PBXFileReference; lastKnownFileType = sourcecode.swift; path = MovieTableViewCell.swift; sourceTree = "<group>"; };
		11B9F983292643F200C65F6E /* MovieTableViewCell.xib */ = {isa = PBXFileReference; lastKnownFileType = file.xib; path = MovieTableViewCell.xib; sourceTree = "<group>"; };
		1D077AC8C163A13520A48941 /* Pods-FlixpediaTests.debug.xcconfig */ = {isa = PBXFileReference; includeInIndex = 1; lastKnownFileType = text.xcconfig; name = "Pods-FlixpediaTests.debug.xcconfig"; path = "Target Support Files/Pods-FlixpediaTests/Pods-FlixpediaTests.debug.xcconfig"; sourceTree = "<group>"; };
		331D81848C6972FD01BBC1B4 /* Pods_Flixpedia_FlixpediaUITests.framework */ = {isa = PBXFileReference; explicitFileType = wrapper.framework; includeInIndex = 0; path = Pods_Flixpedia_FlixpediaUITests.framework; sourceTree = BUILT_PRODUCTS_DIR; };
		69F96F03191F903E4964B3E9 /* Pods_FlixpediaTests.framework */ = {isa = PBXFileReference; explicitFileType = wrapper.framework; includeInIndex = 0; path = Pods_FlixpediaTests.framework; sourceTree = BUILT_PRODUCTS_DIR; };
		6ACE4B505951184F1BD5CC39 /* Pods-Flixpedia-FlixpediaUITests.release.xcconfig */ = {isa = PBXFileReference; includeInIndex = 1; lastKnownFileType = text.xcconfig; name = "Pods-Flixpedia-FlixpediaUITests.release.xcconfig"; path = "Target Support Files/Pods-Flixpedia-FlixpediaUITests/Pods-Flixpedia-FlixpediaUITests.release.xcconfig"; sourceTree = "<group>"; };
		A3F2144B468D222D7CBC8552 /* Pods-Flixpedia.release.xcconfig */ = {isa = PBXFileReference; includeInIndex = 1; lastKnownFileType = text.xcconfig; name = "Pods-Flixpedia.release.xcconfig"; path = "Target Support Files/Pods-Flixpedia/Pods-Flixpedia.release.xcconfig"; sourceTree = "<group>"; };
		B11245DC5026D4BA4387760E /* Pods-Flixpedia.debug.xcconfig */ = {isa = PBXFileReference; includeInIndex = 1; lastKnownFileType = text.xcconfig; name = "Pods-Flixpedia.debug.xcconfig"; path = "Target Support Files/Pods-Flixpedia/Pods-Flixpedia.debug.xcconfig"; sourceTree = "<group>"; };
		CCFD077DB48AB66471C5CC16 /* Pods-Flixpedia-FlixpediaUITests.debug.xcconfig */ = {isa = PBXFileReference; includeInIndex = 1; lastKnownFileType = text.xcconfig; name = "Pods-Flixpedia-FlixpediaUITests.debug.xcconfig"; path = "Target Support Files/Pods-Flixpedia-FlixpediaUITests/Pods-Flixpedia-FlixpediaUITests.debug.xcconfig"; sourceTree = "<group>"; };
		F97E2C0FBF048D7F8939BB5D /* Pods-FlixpediaTests.release.xcconfig */ = {isa = PBXFileReference; includeInIndex = 1; lastKnownFileType = text.xcconfig; name = "Pods-FlixpediaTests.release.xcconfig"; path = "Target Support Files/Pods-FlixpediaTests/Pods-FlixpediaTests.release.xcconfig"; sourceTree = "<group>"; };
		FD54F0F30958F2ABD949B43B /* Pods_Flixpedia.framework */ = {isa = PBXFileReference; explicitFileType = wrapper.framework; includeInIndex = 0; path = Pods_Flixpedia.framework; sourceTree = BUILT_PRODUCTS_DIR; };
/* End PBXFileReference section */

/* Begin PBXFrameworksBuildPhase section */
		11ADD8D32925F6A7003FEBA3 /* Frameworks */ = {
			isa = PBXFrameworksBuildPhase;
			buildActionMask = 2147483647;
			files = (
				2B1416C536962B43B742EE43 /* Pods_Flixpedia.framework in Frameworks */,
			);
			runOnlyForDeploymentPostprocessing = 0;
		};
		11ADD8EC2925F6AB003FEBA3 /* Frameworks */ = {
			isa = PBXFrameworksBuildPhase;
			buildActionMask = 2147483647;
			files = (
				E9779D77A9B9DC03818AA3CA /* Pods_FlixpediaTests.framework in Frameworks */,
			);
			runOnlyForDeploymentPostprocessing = 0;
		};
		11ADD8F62925F6AB003FEBA3 /* Frameworks */ = {
			isa = PBXFrameworksBuildPhase;
			buildActionMask = 2147483647;
			files = (
				E2FF7DB888C59C50D7DD1FF3 /* Pods_Flixpedia_FlixpediaUITests.framework in Frameworks */,
			);
			runOnlyForDeploymentPostprocessing = 0;
		};
/* End PBXFrameworksBuildPhase section */

/* Begin PBXGroup section */
		11ADD8CD2925F6A7003FEBA3 = {
			isa = PBXGroup;
			children = (
				11ADD8D82925F6A7003FEBA3 /* Flixpedia */,
				11ADD8F22925F6AB003FEBA3 /* FlixpediaTests */,
				11ADD8FC2925F6AB003FEBA3 /* FlixpediaUITests */,
				11ADD8D72925F6A7003FEBA3 /* Products */,
				8F1C4660FB8FA141FEB8B930 /* Pods */,
				A52EBD3959C5269DD8E6997A /* Frameworks */,
			);
			sourceTree = "<group>";
		};
		11ADD8D72925F6A7003FEBA3 /* Products */ = {
			isa = PBXGroup;
			children = (
				11ADD8D62925F6A7003FEBA3 /* Flixpedia.app */,
				11ADD8EF2925F6AB003FEBA3 /* FlixpediaTests.xctest */,
				11ADD8F92925F6AB003FEBA3 /* FlixpediaUITests.xctest */,
			);
			name = Products;
			sourceTree = "<group>";
		};
		11ADD8D82925F6A7003FEBA3 /* Flixpedia */ = {
			isa = PBXGroup;
			children = (
				11B9F97E29263F9F00C65F6E /* Data */,
				11ADD90C2925F78E003FEBA3 /* Config */,
				11ADD8D92925F6A7003FEBA3 /* AppDelegate.swift */,
				11ADD8DB2925F6A7003FEBA3 /* SceneDelegate.swift */,
				11ADD8DD2925F6A7003FEBA3 /* ViewController.swift */,
				11ADD8DF2925F6A7003FEBA3 /* Main.storyboard */,
				11ADD8E52925F6AA003FEBA3 /* Assets.xcassets */,
				11ADD8E72925F6AA003FEBA3 /* LaunchScreen.storyboard */,
				11ADD8EA2925F6AA003FEBA3 /* Info.plist */,
				11ADD8E22925F6A7003FEBA3 /* Flixpedia.xcdatamodeld */,
				11ADD90E29260562003FEBA3 /* AppConstants.swift */,
				11B9F982292643F200C65F6E /* MovieTableViewCell.swift */,
				11B9F983292643F200C65F6E /* MovieTableViewCell.xib */,
			);
			path = Flixpedia;
			sourceTree = "<group>";
		};
		11ADD8F22925F6AB003FEBA3 /* FlixpediaTests */ = {
			isa = PBXGroup;
			children = (
				11ADD8F32925F6AB003FEBA3 /* FlixpediaTests.swift */,
			);
			path = FlixpediaTests;
			sourceTree = "<group>";
		};
		11ADD8FC2925F6AB003FEBA3 /* FlixpediaUITests */ = {
			isa = PBXGroup;
			children = (
				11ADD8FD2925F6AB003FEBA3 /* FlixpediaUITests.swift */,
				11ADD8FF2925F6AB003FEBA3 /* FlixpediaUITestsLaunchTests.swift */,
			);
			path = FlixpediaUITests;
			sourceTree = "<group>";
		};
		11ADD90C2925F78E003FEBA3 /* Config */ = {
			isa = PBXGroup;
			children = (
				11ADD90D2925F7B5003FEBA3 /* Flixpedia.xcconfig */,
			);
			path = Config;
			sourceTree = "<group>";
		};
		11B9F97E29263F9F00C65F6E /* Data */ = {
			isa = PBXGroup;
			children = (
				11B9F97F29263FA800C65F6E /* Response */,
			);
			name = Data;
			sourceTree = "<group>";
		};
		11B9F97F29263FA800C65F6E /* Response */ = {
			isa = PBXGroup;
			children = (
				11B9F98029263FC700C65F6E /* MovieListResponse.swift */,
			);
			path = Response;
			sourceTree = "<group>";
		};
		8F1C4660FB8FA141FEB8B930 /* Pods */ = {
			isa = PBXGroup;
			children = (
				B11245DC5026D4BA4387760E /* Pods-Flixpedia.debug.xcconfig */,
				A3F2144B468D222D7CBC8552 /* Pods-Flixpedia.release.xcconfig */,
				CCFD077DB48AB66471C5CC16 /* Pods-Flixpedia-FlixpediaUITests.debug.xcconfig */,
				6ACE4B505951184F1BD5CC39 /* Pods-Flixpedia-FlixpediaUITests.release.xcconfig */,
				1D077AC8C163A13520A48941 /* Pods-FlixpediaTests.debug.xcconfig */,
				F97E2C0FBF048D7F8939BB5D /* Pods-FlixpediaTests.release.xcconfig */,
			);
			path = Pods;
			sourceTree = "<group>";
		};
		A52EBD3959C5269DD8E6997A /* Frameworks */ = {
			isa = PBXGroup;
			children = (
				FD54F0F30958F2ABD949B43B /* Pods_Flixpedia.framework */,
				331D81848C6972FD01BBC1B4 /* Pods_Flixpedia_FlixpediaUITests.framework */,
				69F96F03191F903E4964B3E9 /* Pods_FlixpediaTests.framework */,
			);
			name = Frameworks;
			sourceTree = "<group>";
		};
/* End PBXGroup section */

/* Begin PBXNativeTarget section */
		11ADD8D52925F6A7003FEBA3 /* Flixpedia */ = {
			isa = PBXNativeTarget;
			buildConfigurationList = 11ADD9032925F6AB003FEBA3 /* Build configuration list for PBXNativeTarget "Flixpedia" */;
			buildPhases = (
				CCC61F084F2F4650BD913AE4 /* [CP] Check Pods Manifest.lock */,
				11ADD8D22925F6A7003FEBA3 /* Sources */,
				11ADD8D32925F6A7003FEBA3 /* Frameworks */,
				11ADD8D42925F6A7003FEBA3 /* Resources */,
				AD5B9CCA9B4D3120F3557EF8 /* [CP] Embed Pods Frameworks */,
			);
			buildRules = (
			);
			dependencies = (
			);
			name = Flixpedia;
			productName = Flixpedia;
			productReference = 11ADD8D62925F6A7003FEBA3 /* Flixpedia.app */;
			productType = "com.apple.product-type.application";
		};
		11ADD8EE2925F6AB003FEBA3 /* FlixpediaTests */ = {
			isa = PBXNativeTarget;
			buildConfigurationList = 11ADD9062925F6AB003FEBA3 /* Build configuration list for PBXNativeTarget "FlixpediaTests" */;
			buildPhases = (
				6FC9C06AD157DDEC3BDFE282 /* [CP] Check Pods Manifest.lock */,
				11ADD8EB2925F6AB003FEBA3 /* Sources */,
				11ADD8EC2925F6AB003FEBA3 /* Frameworks */,
				11ADD8ED2925F6AB003FEBA3 /* Resources */,
			);
			buildRules = (
			);
			dependencies = (
				11ADD8F12925F6AB003FEBA3 /* PBXTargetDependency */,
			);
			name = FlixpediaTests;
			productName = FlixpediaTests;
			productReference = 11ADD8EF2925F6AB003FEBA3 /* FlixpediaTests.xctest */;
			productType = "com.apple.product-type.bundle.unit-test";
		};
		11ADD8F82925F6AB003FEBA3 /* FlixpediaUITests */ = {
			isa = PBXNativeTarget;
			buildConfigurationList = 11ADD9092925F6AB003FEBA3 /* Build configuration list for PBXNativeTarget "FlixpediaUITests" */;
			buildPhases = (
				0F6DFF9A6843795789C78ABB /* [CP] Check Pods Manifest.lock */,
				11ADD8F52925F6AB003FEBA3 /* Sources */,
				11ADD8F62925F6AB003FEBA3 /* Frameworks */,
				11ADD8F72925F6AB003FEBA3 /* Resources */,
				1E4CFAF6E01288E7766C910E /* [CP] Embed Pods Frameworks */,
			);
			buildRules = (
			);
			dependencies = (
				11ADD8FB2925F6AB003FEBA3 /* PBXTargetDependency */,
			);
			name = FlixpediaUITests;
			productName = FlixpediaUITests;
			productReference = 11ADD8F92925F6AB003FEBA3 /* FlixpediaUITests.xctest */;
			productType = "com.apple.product-type.bundle.ui-testing";
		};
/* End PBXNativeTarget section */

/* Begin PBXProject section */
		11ADD8CE2925F6A7003FEBA3 /* Project object */ = {
			isa = PBXProject;
			attributes = {
				BuildIndependentTargetsInParallel = 1;
				LastSwiftUpdateCheck = 1300;
				LastUpgradeCheck = 1300;
				TargetAttributes = {
					11ADD8D52925F6A7003FEBA3 = {
						CreatedOnToolsVersion = 13.0;
					};
					11ADD8EE2925F6AB003FEBA3 = {
						CreatedOnToolsVersion = 13.0;
						TestTargetID = 11ADD8D52925F6A7003FEBA3;
					};
					11ADD8F82925F6AB003FEBA3 = {
						CreatedOnToolsVersion = 13.0;
						TestTargetID = 11ADD8D52925F6A7003FEBA3;
					};
				};
			};
			buildConfigurationList = 11ADD8D12925F6A7003FEBA3 /* Build configuration list for PBXProject "Flixpedia" */;
			compatibilityVersion = "Xcode 13.0";
			developmentRegion = en;
			hasScannedForEncodings = 0;
			knownRegions = (
				en,
				Base,
			);
			mainGroup = 11ADD8CD2925F6A7003FEBA3;
			productRefGroup = 11ADD8D72925F6A7003FEBA3 /* Products */;
			projectDirPath = "";
			projectRoot = "";
			targets = (
				11ADD8D52925F6A7003FEBA3 /* Flixpedia */,
				11ADD8EE2925F6AB003FEBA3 /* FlixpediaTests */,
				11ADD8F82925F6AB003FEBA3 /* FlixpediaUITests */,
			);
		};
/* End PBXProject section */

/* Begin PBXResourcesBuildPhase section */
		11ADD8D42925F6A7003FEBA3 /* Resources */ = {
			isa = PBXResourcesBuildPhase;
			buildActionMask = 2147483647;
			files = (
				11ADD8E92925F6AA003FEBA3 /* LaunchScreen.storyboard in Resources */,
				11ADD8E62925F6AA003FEBA3 /* Assets.xcassets in Resources */,
				11B9F985292643F200C65F6E /* MovieTableViewCell.xib in Resources */,
				11ADD8E12925F6A7003FEBA3 /* Main.storyboard in Resources */,
			);
			runOnlyForDeploymentPostprocessing = 0;
		};
		11ADD8ED2925F6AB003FEBA3 /* Resources */ = {
			isa = PBXResourcesBuildPhase;
			buildActionMask = 2147483647;
			files = (
			);
			runOnlyForDeploymentPostprocessing = 0;
		};
		11ADD8F72925F6AB003FEBA3 /* Resources */ = {
			isa = PBXResourcesBuildPhase;
			buildActionMask = 2147483647;
			files = (
			);
			runOnlyForDeploymentPostprocessing = 0;
		};
/* End PBXResourcesBuildPhase section */

/* Begin PBXShellScriptBuildPhase section */
		0F6DFF9A6843795789C78ABB /* [CP] Check Pods Manifest.lock */ = {
			isa = PBXShellScriptBuildPhase;
			buildActionMask = 2147483647;
			files = (
			);
			inputFileListPaths = (
			);
			inputPaths = (
				"${PODS_PODFILE_DIR_PATH}/Podfile.lock",
				"${PODS_ROOT}/Manifest.lock",
			);
			name = "[CP] Check Pods Manifest.lock";
			outputFileListPaths = (
			);
			outputPaths = (
				"$(DERIVED_FILE_DIR)/Pods-Flixpedia-FlixpediaUITests-checkManifestLockResult.txt",
			);
			runOnlyForDeploymentPostprocessing = 0;
			shellPath = /bin/sh;
			shellScript = "diff \"${PODS_PODFILE_DIR_PATH}/Podfile.lock\" \"${PODS_ROOT}/Manifest.lock\" > /dev/null\nif [ $? != 0 ] ; then\n    # print error to STDERR\n    echo \"error: The sandbox is not in sync with the Podfile.lock. Run 'pod install' or update your CocoaPods installation.\" >&2\n    exit 1\nfi\n# This output is used by Xcode 'outputs' to avoid re-running this script phase.\necho \"SUCCESS\" > \"${SCRIPT_OUTPUT_FILE_0}\"\n";
			showEnvVarsInLog = 0;
		};
		1E4CFAF6E01288E7766C910E /* [CP] Embed Pods Frameworks */ = {
			isa = PBXShellScriptBuildPhase;
			buildActionMask = 2147483647;
			files = (
			);
			inputFileListPaths = (
				"${PODS_ROOT}/Target Support Files/Pods-Flixpedia-FlixpediaUITests/Pods-Flixpedia-FlixpediaUITests-frameworks-${CONFIGURATION}-input-files.xcfilelist",
			);
			name = "[CP] Embed Pods Frameworks";
			outputFileListPaths = (
				"${PODS_ROOT}/Target Support Files/Pods-Flixpedia-FlixpediaUITests/Pods-Flixpedia-FlixpediaUITests-frameworks-${CONFIGURATION}-output-files.xcfilelist",
			);
			runOnlyForDeploymentPostprocessing = 0;
			shellPath = /bin/sh;
			shellScript = "\"${PODS_ROOT}/Target Support Files/Pods-Flixpedia-FlixpediaUITests/Pods-Flixpedia-FlixpediaUITests-frameworks.sh\"\n";
			showEnvVarsInLog = 0;
		};
		6FC9C06AD157DDEC3BDFE282 /* [CP] Check Pods Manifest.lock */ = {
			isa = PBXShellScriptBuildPhase;
			buildActionMask = 2147483647;
			files = (
			);
			inputFileListPaths = (
			);
			inputPaths = (
				"${PODS_PODFILE_DIR_PATH}/Podfile.lock",
				"${PODS_ROOT}/Manifest.lock",
			);
			name = "[CP] Check Pods Manifest.lock";
			outputFileListPaths = (
			);
			outputPaths = (
				"$(DERIVED_FILE_DIR)/Pods-FlixpediaTests-checkManifestLockResult.txt",
			);
			runOnlyForDeploymentPostprocessing = 0;
			shellPath = /bin/sh;
			shellScript = "diff \"${PODS_PODFILE_DIR_PATH}/Podfile.lock\" \"${PODS_ROOT}/Manifest.lock\" > /dev/null\nif [ $? != 0 ] ; then\n    # print error to STDERR\n    echo \"error: The sandbox is not in sync with the Podfile.lock. Run 'pod install' or update your CocoaPods installation.\" >&2\n    exit 1\nfi\n# This output is used by Xcode 'outputs' to avoid re-running this script phase.\necho \"SUCCESS\" > \"${SCRIPT_OUTPUT_FILE_0}\"\n";
			showEnvVarsInLog = 0;
		};
		AD5B9CCA9B4D3120F3557EF8 /* [CP] Embed Pods Frameworks */ = {
			isa = PBXShellScriptBuildPhase;
			buildActionMask = 2147483647;
			files = (
			);
			inputFileListPaths = (
				"${PODS_ROOT}/Target Support Files/Pods-Flixpedia/Pods-Flixpedia-frameworks-${CONFIGURATION}-input-files.xcfilelist",
			);
			name = "[CP] Embed Pods Frameworks";
			outputFileListPaths = (
				"${PODS_ROOT}/Target Support Files/Pods-Flixpedia/Pods-Flixpedia-frameworks-${CONFIGURATION}-output-files.xcfilelist",
			);
			runOnlyForDeploymentPostprocessing = 0;
			shellPath = /bin/sh;
			shellScript = "\"${PODS_ROOT}/Target Support Files/Pods-Flixpedia/Pods-Flixpedia-frameworks.sh\"\n";
			showEnvVarsInLog = 0;
		};
		CCC61F084F2F4650BD913AE4 /* [CP] Check Pods Manifest.lock */ = {
			isa = PBXShellScriptBuildPhase;
			buildActionMask = 2147483647;
			files = (
			);
			inputFileListPaths = (
			);
			inputPaths = (
				"${PODS_PODFILE_DIR_PATH}/Podfile.lock",
				"${PODS_ROOT}/Manifest.lock",
			);
			name = "[CP] Check Pods Manifest.lock";
			outputFileListPaths = (
			);
			outputPaths = (
				"$(DERIVED_FILE_DIR)/Pods-Flixpedia-checkManifestLockResult.txt",
			);
			runOnlyForDeploymentPostprocessing = 0;
			shellPath = /bin/sh;
			shellScript = "diff \"${PODS_PODFILE_DIR_PATH}/Podfile.lock\" \"${PODS_ROOT}/Manifest.lock\" > /dev/null\nif [ $? != 0 ] ; then\n    # print error to STDERR\n    echo \"error: The sandbox is not in sync with the Podfile.lock. Run 'pod install' or update your CocoaPods installation.\" >&2\n    exit 1\nfi\n# This output is used by Xcode 'outputs' to avoid re-running this script phase.\necho \"SUCCESS\" > \"${SCRIPT_OUTPUT_FILE_0}\"\n";
			showEnvVarsInLog = 0;
		};
/* End PBXShellScriptBuildPhase section */

/* Begin PBXSourcesBuildPhase section */
		11ADD8D22925F6A7003FEBA3 /* Sources */ = {
			isa = PBXSourcesBuildPhase;
			buildActionMask = 2147483647;
			files = (
				11ADD8E42925F6A7003FEBA3 /* Flixpedia.xcdatamodeld in Sources */,
				11ADD8DE2925F6A7003FEBA3 /* ViewController.swift in Sources */,
				11B9F984292643F200C65F6E /* MovieTableViewCell.swift in Sources */,
				11B9F98129263FC700C65F6E /* MovieListResponse.swift in Sources */,
				11ADD8DA2925F6A7003FEBA3 /* AppDelegate.swift in Sources */,
				11ADD8DC2925F6A7003FEBA3 /* SceneDelegate.swift in Sources */,
				11ADD90F29260562003FEBA3 /* AppConstants.swift in Sources */,
			);
			runOnlyForDeploymentPostprocessing = 0;
		};
		11ADD8EB2925F6AB003FEBA3 /* Sources */ = {
			isa = PBXSourcesBuildPhase;
			buildActionMask = 2147483647;
			files = (
				11ADD8F42925F6AB003FEBA3 /* FlixpediaTests.swift in Sources */,
			);
			runOnlyForDeploymentPostprocessing = 0;
		};
		11ADD8F52925F6AB003FEBA3 /* Sources */ = {
			isa = PBXSourcesBuildPhase;
			buildActionMask = 2147483647;
			files = (
				11ADD8FE2925F6AB003FEBA3 /* FlixpediaUITests.swift in Sources */,
				11ADD9002925F6AB003FEBA3 /* FlixpediaUITestsLaunchTests.swift in Sources */,
			);
			runOnlyForDeploymentPostprocessing = 0;
		};
/* End PBXSourcesBuildPhase section */

/* Begin PBXTargetDependency section */
		11ADD8F12925F6AB003FEBA3 /* PBXTargetDependency */ = {
			isa = PBXTargetDependency;
			target = 11ADD8D52925F6A7003FEBA3 /* Flixpedia */;
			targetProxy = 11ADD8F02925F6AB003FEBA3 /* PBXContainerItemProxy */;
		};
		11ADD8FB2925F6AB003FEBA3 /* PBXTargetDependency */ = {
			isa = PBXTargetDependency;
			target = 11ADD8D52925F6A7003FEBA3 /* Flixpedia */;
			targetProxy = 11ADD8FA2925F6AB003FEBA3 /* PBXContainerItemProxy */;
		};
/* End PBXTargetDependency section */

/* Begin PBXVariantGroup section */
		11ADD8DF2925F6A7003FEBA3 /* Main.storyboard */ = {
			isa = PBXVariantGroup;
			children = (
				11ADD8E02925F6A7003FEBA3 /* Base */,
			);
			name = Main.storyboard;
			sourceTree = "<group>";
		};
		11ADD8E72925F6AA003FEBA3 /* LaunchScreen.storyboard */ = {
			isa = PBXVariantGroup;
			children = (
				11ADD8E82925F6AA003FEBA3 /* Base */,
			);
			name = LaunchScreen.storyboard;
			sourceTree = "<group>";
		};
/* End PBXVariantGroup section */

/* Begin XCBuildConfiguration section */
		11ADD9012925F6AB003FEBA3 /* Debug */ = {
			isa = XCBuildConfiguration;
			buildSettings = {
				ALWAYS_SEARCH_USER_PATHS = NO;
				CLANG_ANALYZER_NONNULL = YES;
				CLANG_ANALYZER_NUMBER_OBJECT_CONVERSION = YES_AGGRESSIVE;
				CLANG_CXX_LANGUAGE_STANDARD = "gnu++17";
				CLANG_CXX_LIBRARY = "libc++";
				CLANG_ENABLE_MODULES = YES;
				CLANG_ENABLE_OBJC_ARC = YES;
				CLANG_ENABLE_OBJC_WEAK = YES;
				CLANG_WARN_BLOCK_CAPTURE_AUTORELEASING = YES;
				CLANG_WARN_BOOL_CONVERSION = YES;
				CLANG_WARN_COMMA = YES;
				CLANG_WARN_CONSTANT_CONVERSION = YES;
				CLANG_WARN_DEPRECATED_OBJC_IMPLEMENTATIONS = YES;
				CLANG_WARN_DIRECT_OBJC_ISA_USAGE = YES_ERROR;
				CLANG_WARN_DOCUMENTATION_COMMENTS = YES;
				CLANG_WARN_EMPTY_BODY = YES;
				CLANG_WARN_ENUM_CONVERSION = YES;
				CLANG_WARN_INFINITE_RECURSION = YES;
				CLANG_WARN_INT_CONVERSION = YES;
				CLANG_WARN_NON_LITERAL_NULL_CONVERSION = YES;
				CLANG_WARN_OBJC_IMPLICIT_RETAIN_SELF = YES;
				CLANG_WARN_OBJC_LITERAL_CONVERSION = YES;
				CLANG_WARN_OBJC_ROOT_CLASS = YES_ERROR;
				CLANG_WARN_QUOTED_INCLUDE_IN_FRAMEWORK_HEADER = YES;
				CLANG_WARN_RANGE_LOOP_ANALYSIS = YES;
				CLANG_WARN_STRICT_PROTOTYPES = YES;
				CLANG_WARN_SUSPICIOUS_MOVE = YES;
				CLANG_WARN_UNGUARDED_AVAILABILITY = YES_AGGRESSIVE;
				CLANG_WARN_UNREACHABLE_CODE = YES;
				CLANG_WARN__DUPLICATE_METHOD_MATCH = YES;
				COPY_PHASE_STRIP = NO;
				DEBUG_INFORMATION_FORMAT = dwarf;
				ENABLE_STRICT_OBJC_MSGSEND = YES;
				ENABLE_TESTABILITY = YES;
				GCC_C_LANGUAGE_STANDARD = gnu11;
				GCC_DYNAMIC_NO_PIC = NO;
				GCC_NO_COMMON_BLOCKS = YES;
				GCC_OPTIMIZATION_LEVEL = 0;
				GCC_PREPROCESSOR_DEFINITIONS = (
					"DEBUG=1",
					"$(inherited)",
				);
				GCC_WARN_64_TO_32_BIT_CONVERSION = YES;
				GCC_WARN_ABOUT_RETURN_TYPE = YES_ERROR;
				GCC_WARN_UNDECLARED_SELECTOR = YES;
				GCC_WARN_UNINITIALIZED_AUTOS = YES_AGGRESSIVE;
				GCC_WARN_UNUSED_FUNCTION = YES;
				GCC_WARN_UNUSED_VARIABLE = YES;
				IPHONEOS_DEPLOYMENT_TARGET = 15.0;
				MTL_ENABLE_DEBUG_INFO = INCLUDE_SOURCE;
				MTL_FAST_MATH = YES;
				ONLY_ACTIVE_ARCH = YES;
				SDKROOT = iphoneos;
				SWIFT_ACTIVE_COMPILATION_CONDITIONS = DEBUG;
				SWIFT_OPTIMIZATION_LEVEL = "-Onone";
			};
			name = Debug;
		};
		11ADD9022925F6AB003FEBA3 /* Release */ = {
			isa = XCBuildConfiguration;
			buildSettings = {
				ALWAYS_SEARCH_USER_PATHS = NO;
				CLANG_ANALYZER_NONNULL = YES;
				CLANG_ANALYZER_NUMBER_OBJECT_CONVERSION = YES_AGGRESSIVE;
				CLANG_CXX_LANGUAGE_STANDARD = "gnu++17";
				CLANG_CXX_LIBRARY = "libc++";
				CLANG_ENABLE_MODULES = YES;
				CLANG_ENABLE_OBJC_ARC = YES;
				CLANG_ENABLE_OBJC_WEAK = YES;
				CLANG_WARN_BLOCK_CAPTURE_AUTORELEASING = YES;
				CLANG_WARN_BOOL_CONVERSION = YES;
				CLANG_WARN_COMMA = YES;
				CLANG_WARN_CONSTANT_CONVERSION = YES;
				CLANG_WARN_DEPRECATED_OBJC_IMPLEMENTATIONS = YES;
				CLANG_WARN_DIRECT_OBJC_ISA_USAGE = YES_ERROR;
				CLANG_WARN_DOCUMENTATION_COMMENTS = YES;
				CLANG_WARN_EMPTY_BODY = YES;
				CLANG_WARN_ENUM_CONVERSION = YES;
				CLANG_WARN_INFINITE_RECURSION = YES;
				CLANG_WARN_INT_CONVERSION = YES;
				CLANG_WARN_NON_LITERAL_NULL_CONVERSION = YES;
				CLANG_WARN_OBJC_IMPLICIT_RETAIN_SELF = YES;
				CLANG_WARN_OBJC_LITERAL_CONVERSION = YES;
				CLANG_WARN_OBJC_ROOT_CLASS = YES_ERROR;
				CLANG_WARN_QUOTED_INCLUDE_IN_FRAMEWORK_HEADER = YES;
				CLANG_WARN_RANGE_LOOP_ANALYSIS = YES;
				CLANG_WARN_STRICT_PROTOTYPES = YES;
				CLANG_WARN_SUSPICIOUS_MOVE = YES;
				CLANG_WARN_UNGUARDED_AVAILABILITY = YES_AGGRESSIVE;
				CLANG_WARN_UNREACHABLE_CODE = YES;
				CLANG_WARN__DUPLICATE_METHOD_MATCH = YES;
				COPY_PHASE_STRIP = NO;
				DEBUG_INFORMATION_FORMAT = "dwarf-with-dsym";
				ENABLE_NS_ASSERTIONS = NO;
				ENABLE_STRICT_OBJC_MSGSEND = YES;
				GCC_C_LANGUAGE_STANDARD = gnu11;
				GCC_NO_COMMON_BLOCKS = YES;
				GCC_WARN_64_TO_32_BIT_CONVERSION = YES;
				GCC_WARN_ABOUT_RETURN_TYPE = YES_ERROR;
				GCC_WARN_UNDECLARED_SELECTOR = YES;
				GCC_WARN_UNINITIALIZED_AUTOS = YES_AGGRESSIVE;
				GCC_WARN_UNUSED_FUNCTION = YES;
				GCC_WARN_UNUSED_VARIABLE = YES;
				IPHONEOS_DEPLOYMENT_TARGET = 15.0;
				MTL_ENABLE_DEBUG_INFO = NO;
				MTL_FAST_MATH = YES;
				SDKROOT = iphoneos;
				SWIFT_COMPILATION_MODE = wholemodule;
				SWIFT_OPTIMIZATION_LEVEL = "-O";
				VALIDATE_PRODUCT = YES;
			};
			name = Release;
		};
		11ADD9042925F6AB003FEBA3 /* Debug */ = {
			isa = XCBuildConfiguration;
			baseConfigurationReference = B11245DC5026D4BA4387760E /* Pods-Flixpedia.debug.xcconfig */;
			buildSettings = {
				ASSETCATALOG_COMPILER_APPICON_NAME = AppIcon;
				ASSETCATALOG_COMPILER_GLOBAL_ACCENT_COLOR_NAME = AccentColor;
				CODE_SIGN_STYLE = Automatic;
				CURRENT_PROJECT_VERSION = 1;
				DEVELOPMENT_TEAM = 48LBJ9FZ5F;
				GENERATE_INFOPLIST_FILE = YES;
				INFOPLIST_FILE = Flixpedia/Info.plist;
				INFOPLIST_KEY_UIApplicationSupportsIndirectInputEvents = YES;
				INFOPLIST_KEY_UILaunchStoryboardName = LaunchScreen;
				INFOPLIST_KEY_UIMainStoryboardFile = Main;
				INFOPLIST_KEY_UISupportedInterfaceOrientations_iPad = "UIInterfaceOrientationPortrait UIInterfaceOrientationPortraitUpsideDown UIInterfaceOrientationLandscapeLeft UIInterfaceOrientationLandscapeRight";
				INFOPLIST_KEY_UISupportedInterfaceOrientations_iPhone = "UIInterfaceOrientationPortrait UIInterfaceOrientationLandscapeLeft UIInterfaceOrientationLandscapeRight";
				LD_RUNPATH_SEARCH_PATHS = (
					"$(inherited)",
					"@executable_path/Frameworks",
				);
				MARKETING_VERSION = 1.0.0;
				PRODUCT_BUNDLE_IDENTIFIER = dev.zinlinphyo.flixpedia;
				PRODUCT_NAME = "$(TARGET_NAME)";
				SWIFT_EMIT_LOC_STRINGS = YES;
				SWIFT_VERSION = 5.0;
				TARGETED_DEVICE_FAMILY = "1,2";
			};
			name = Debug;
		};
		11ADD9052925F6AB003FEBA3 /* Release */ = {
			isa = XCBuildConfiguration;
			baseConfigurationReference = A3F2144B468D222D7CBC8552 /* Pods-Flixpedia.release.xcconfig */;
			buildSettings = {
				ASSETCATALOG_COMPILER_APPICON_NAME = AppIcon;
				ASSETCATALOG_COMPILER_GLOBAL_ACCENT_COLOR_NAME = AccentColor;
				CODE_SIGN_STYLE = Automatic;
				CURRENT_PROJECT_VERSION = 1;
				DEVELOPMENT_TEAM = 48LBJ9FZ5F;
				GENERATE_INFOPLIST_FILE = YES;
				INFOPLIST_FILE = Flixpedia/Info.plist;
				INFOPLIST_KEY_UIApplicationSupportsIndirectInputEvents = YES;
				INFOPLIST_KEY_UILaunchStoryboardName = LaunchScreen;
				INFOPLIST_KEY_UIMainStoryboardFile = Main;
				INFOPLIST_KEY_UISupportedInterfaceOrientations_iPad = "UIInterfaceOrientationPortrait UIInterfaceOrientationPortraitUpsideDown UIInterfaceOrientationLandscapeLeft UIInterfaceOrientationLandscapeRight";
				INFOPLIST_KEY_UISupportedInterfaceOrientations_iPhone = "UIInterfaceOrientationPortrait UIInterfaceOrientationLandscapeLeft UIInterfaceOrientationLandscapeRight";
				LD_RUNPATH_SEARCH_PATHS = (
					"$(inherited)",
					"@executable_path/Frameworks",
				);
				MARKETING_VERSION = 1.0.0;
				PRODUCT_BUNDLE_IDENTIFIER = dev.zinlinphyo.flixpedia;
				PRODUCT_NAME = "$(TARGET_NAME)";
				SWIFT_EMIT_LOC_STRINGS = YES;
				SWIFT_VERSION = 5.0;
				TARGETED_DEVICE_FAMILY = "1,2";
			};
			name = Release;
		};
		11ADD9072925F6AB003FEBA3 /* Debug */ = {
			isa = XCBuildConfiguration;
			baseConfigurationReference = 1D077AC8C163A13520A48941 /* Pods-FlixpediaTests.debug.xcconfig */;
			buildSettings = {
				ALWAYS_EMBED_SWIFT_STANDARD_LIBRARIES = YES;
				BUNDLE_LOADER = "$(TEST_HOST)";
				CODE_SIGN_STYLE = Automatic;
				CURRENT_PROJECT_VERSION = 1;
				DEVELOPMENT_TEAM = 48LBJ9FZ5F;
				GENERATE_INFOPLIST_FILE = YES;
				IPHONEOS_DEPLOYMENT_TARGET = 15.0;
				LD_RUNPATH_SEARCH_PATHS = (
					"$(inherited)",
					"@executable_path/Frameworks",
					"@loader_path/Frameworks",
				);
				MARKETING_VERSION = 1.0;
				PRODUCT_BUNDLE_IDENTIFIER = "Zin-Lin-Phyo.FlixpediaTests";
				PRODUCT_NAME = "$(TARGET_NAME)";
				SWIFT_EMIT_LOC_STRINGS = NO;
				SWIFT_VERSION = 5.0;
				TARGETED_DEVICE_FAMILY = "1,2";
				TEST_HOST = "$(BUILT_PRODUCTS_DIR)/Flixpedia.app/Flixpedia";
			};
			name = Debug;
		};
		11ADD9082925F6AB003FEBA3 /* Release */ = {
			isa = XCBuildConfiguration;
			baseConfigurationReference = F97E2C0FBF048D7F8939BB5D /* Pods-FlixpediaTests.release.xcconfig */;
			buildSettings = {
				ALWAYS_EMBED_SWIFT_STANDARD_LIBRARIES = YES;
				BUNDLE_LOADER = "$(TEST_HOST)";
				CODE_SIGN_STYLE = Automatic;
				CURRENT_PROJECT_VERSION = 1;
				DEVELOPMENT_TEAM = 48LBJ9FZ5F;
				GENERATE_INFOPLIST_FILE = YES;
				IPHONEOS_DEPLOYMENT_TARGET = 15.0;
				LD_RUNPATH_SEARCH_PATHS = (
					"$(inherited)",
					"@executable_path/Frameworks",
					"@loader_path/Frameworks",
				);
				MARKETING_VERSION = 1.0;
				PRODUCT_BUNDLE_IDENTIFIER = "Zin-Lin-Phyo.FlixpediaTests";
				PRODUCT_NAME = "$(TARGET_NAME)";
				SWIFT_EMIT_LOC_STRINGS = NO;
				SWIFT_VERSION = 5.0;
				TARGETED_DEVICE_FAMILY = "1,2";
				TEST_HOST = "$(BUILT_PRODUCTS_DIR)/Flixpedia.app/Flixpedia";
			};
			name = Release;
		};
		11ADD90A2925F6AB003FEBA3 /* Debug */ = {
			isa = XCBuildConfiguration;
			baseConfigurationReference = CCFD077DB48AB66471C5CC16 /* Pods-Flixpedia-FlixpediaUITests.debug.xcconfig */;
			buildSettings = {
				ALWAYS_EMBED_SWIFT_STANDARD_LIBRARIES = YES;
				CODE_SIGN_STYLE = Automatic;
				CURRENT_PROJECT_VERSION = 1;
				DEVELOPMENT_TEAM = 48LBJ9FZ5F;
				GENERATE_INFOPLIST_FILE = YES;
				LD_RUNPATH_SEARCH_PATHS = (
					"$(inherited)",
					"@executable_path/Frameworks",
					"@loader_path/Frameworks",
				);
				MARKETING_VERSION = 1.0;
				PRODUCT_BUNDLE_IDENTIFIER = "Zin-Lin-Phyo.FlixpediaUITests";
				PRODUCT_NAME = "$(TARGET_NAME)";
				SWIFT_EMIT_LOC_STRINGS = NO;
				SWIFT_VERSION = 5.0;
				TARGETED_DEVICE_FAMILY = "1,2";
				TEST_TARGET_NAME = Flixpedia;
			};
			name = Debug;
		};
		11ADD90B2925F6AB003FEBA3 /* Release */ = {
			isa = XCBuildConfiguration;
			baseConfigurationReference = 6ACE4B505951184F1BD5CC39 /* Pods-Flixpedia-FlixpediaUITests.release.xcconfig */;
			buildSettings = {
				ALWAYS_EMBED_SWIFT_STANDARD_LIBRARIES = YES;
				CODE_SIGN_STYLE = Automatic;
				CURRENT_PROJECT_VERSION = 1;
				DEVELOPMENT_TEAM = 48LBJ9FZ5F;
				GENERATE_INFOPLIST_FILE = YES;
				LD_RUNPATH_SEARCH_PATHS = (
					"$(inherited)",
					"@executable_path/Frameworks",
					"@loader_path/Frameworks",
				);
				MARKETING_VERSION = 1.0;
				PRODUCT_BUNDLE_IDENTIFIER = "Zin-Lin-Phyo.FlixpediaUITests";
				PRODUCT_NAME = "$(TARGET_NAME)";
				SWIFT_EMIT_LOC_STRINGS = NO;
				SWIFT_VERSION = 5.0;
				TARGETED_DEVICE_FAMILY = "1,2";
				TEST_TARGET_NAME = Flixpedia;
			};
			name = Release;
		};
/* End XCBuildConfiguration section */

/* Begin XCConfigurationList section */
		11ADD8D12925F6A7003FEBA3 /* Build configuration list for PBXProject "Flixpedia" */ = {
			isa = XCConfigurationList;
			buildConfigurations = (
				11ADD9012925F6AB003FEBA3 /* Debug */,
				11ADD9022925F6AB003FEBA3 /* Release */,
			);
			defaultConfigurationIsVisible = 0;
			defaultConfigurationName = Release;
		};
		11ADD9032925F6AB003FEBA3 /* Build configuration list for PBXNativeTarget "Flixpedia" */ = {
			isa = XCConfigurationList;
			buildConfigurations = (
				11ADD9042925F6AB003FEBA3 /* Debug */,
				11ADD9052925F6AB003FEBA3 /* Release */,
			);
			defaultConfigurationIsVisible = 0;
			defaultConfigurationName = Release;
		};
		11ADD9062925F6AB003FEBA3 /* Build configuration list for PBXNativeTarget "FlixpediaTests" */ = {
			isa = XCConfigurationList;
			buildConfigurations = (
				11ADD9072925F6AB003FEBA3 /* Debug */,
				11ADD9082925F6AB003FEBA3 /* Release */,
			);
			defaultConfigurationIsVisible = 0;
			defaultConfigurationName = Release;
		};
		11ADD9092925F6AB003FEBA3 /* Build configuration list for PBXNativeTarget "FlixpediaUITests" */ = {
			isa = XCConfigurationList;
			buildConfigurations = (
				11ADD90A2925F6AB003FEBA3 /* Debug */,
				11ADD90B2925F6AB003FEBA3 /* Release */,
			);
			defaultConfigurationIsVisible = 0;
			defaultConfigurationName = Release;
		};
/* End XCConfigurationList section */

/* Begin XCVersionGroup section */
		11ADD8E22925F6A7003FEBA3 /* Flixpedia.xcdatamodeld */ = {
			isa = XCVersionGroup;
			children = (
				11ADD8E32925F6A7003FEBA3 /* Flixpedia.xcdatamodel */,
			);
			currentVersion = 11ADD8E32925F6A7003FEBA3 /* Flixpedia.xcdatamodel */;
			path = Flixpedia.xcdatamodeld;
			sourceTree = "<group>";
			versionGroupType = wrapper.xcdatamodel;
		};
/* End XCVersionGroup section */
	};
	rootObject = 11ADD8CE2925F6A7003FEBA3 /* Project object */;
}
